
Microsoft Visual Studio Solution File, Format Version 12.00
# Visual Studio Version 17
VisualStudioVersion = 17.7.34024.191
MinimumVisualStudioVersion = 10.0.40219.1
Project("{FAE04EC0-301F-11D3-BF4B-00C04F79EFBC}") = "WindowsFormsApp1", "WindowsFormsApp1\WindowsFormsApp1.csproj", "{B25908CD-0B52-444F-86EA-06A0DDF451CA}"
EndProject
Global
	GlobalSection(SolutionConfigurationPlatforms) = preSolution
		Debug|Any CPU = Debug|Any CPU
		Release|Any CPU = Release|Any CPU
	EndGlobalSection
	GlobalSection(ProjectConfigurationPlatforms) = postSolution
		{B25908CD-0B52-444F-86EA-06A0DDF451CA}.Debug|Any CPU.ActiveCfg = Debug|Any CPU
		{B25908CD-0B52-444F-86EA-06A0DDF451CA}.Debug|Any CPU.Build.0 = Debug|Any CPU
		{B25908CD-0B52-444F-86EA-06A0DDF451CA}.Release|Any CPU.ActiveCfg = Release|Any CPU
		{B25908CD-0B52-444F-86EA-06A0DDF451CA}.Release|Any CPU.Build.0 = Release|Any CPU
	EndGlobalSection
	GlobalSection(SolutionProperties) = preSolution
		HideSolutionNode = FALSE
	EndGlobalSection
	GlobalSection(ExtensibilityGlobals) = postSolution
		SolutionGuid = {1DAD7282-F83F-4AA1-8EF6-5641D3955337}
	EndGlobalSection
EndGlobal
